
Microsoft Visual Studio Solution File, Format Version 12.00
# Visual Studio Version 17
VisualStudioVersion = 17.7.34024.191
MinimumVisualStudioVersion = 10.0.40219.1
Project("{2150E333-8FDC-42A3-9474-1A3956D46DE8}") = "Task0", "Task0", "{E1385A5E-81EC-4EE9-9060-1A4FE6205CF0}"
EndProject
Project("{8BC9CEB8-8B4A-11D0-8D11-00A0C91BC942}") = "Tyuiu.KhasanovRV.Sprint0.Task0.V0", "Tyuiu.KhasanovRV.Sprint0.Task0.V0\Tyuiu.KhasanovRV.Sprint0.Task0.V0.vcxproj", "{2DF468A1-D158-45B9-93B7-832DFA1A100F}"
EndProject
Project("{2150E333-8FDC-42A3-9474-1A3956D46DE8}") = "Task1", "Task1", "{64A0C55D-2CDF-4733-A82D-D03B09F4CFCB}"
EndProject
Project("{8BC9CEB8-8B4A-11D0-8D11-00A0C91BC942}") = "Tyuiu.KhasanovRV.Sprint0.Task1.V0", "Tyuiu.KhasanovRV.Sprint0.Task1.V0\Tyuiu.KhasanovRV.Sprint0.Task1.V0.vcxproj", "{B3752847-45F1-429E-9BB4-D185B9754F28}"
EndProject
Project("{2150E333-8FDC-42A3-9474-1A3956D46DE8}") = "Task2", "Task2", "{11C83DAE-7B3E-416B-BD0D-3EAFD6F5B143}"
EndProject
Project("{8BC9CEB8-8B4A-11D0-8D11-00A0C91BC942}") = "Tyuiu.KhasanovRV.Sprint0.Task2.V0", "Tyuiu.KhasanovRV.Sprint0.Task2.V0\Tyuiu.KhasanovRV.Sprint0.Task2.V0.vcxproj", "{FE61E639-3686-45DA-BCD6-BEC0B612216F}"
EndProject
Project("{8BC9CEB8-8B4A-11D0-8D11-00A0C91BC942}") = "Tyuiu.KhasanovRV.Sprint0.Task2.V0.Lib", "Tyuiu.KhasanovRV.Sprint0.Task2.V0.Lib\Tyuiu.KhasanovRV.Sprint0.Task2.V0.Lib.vcxproj", "{E01A8F2B-488B-4FAE-981C-150E8F571281}"
EndProject
Project("{8BC9CEB8-8B4A-11D0-8D11-00A0C91BC942}") = "Tyuiu.KhasanovRV.Sprint0.Task2.V0.Test", "Tyuiu.KhasanovRV.Sprint0.Task2.V0.Test\Tyuiu.KhasanovRV.Sprint0.Task2.V0.Test.vcxproj", "{97C8CB3A-668A-4777-A8A3-255DAF6360F4}"
EndProject
Global
	GlobalSection(SolutionConfigurationPlatforms) = preSolution
		Debug|x64 = Debug|x64
		Debug|x86 = Debug|x86
		Release|x64 = Release|x64
		Release|x86 = Release|x86
	EndGlobalSection
	GlobalSection(ProjectConfigurationPlatforms) = postSolution
		{2DF468A1-D158-45B9-93B7-832DFA1A100F}.Debug|x64.ActiveCfg = Debug|x64
		{2DF468A1-D158-45B9-93B7-832DFA1A100F}.Debug|x64.Build.0 = Debug|x64
		{2DF468A1-D158-45B9-93B7-832DFA1A100F}.Debug|x86.ActiveCfg = Debug|Win32
		{2DF468A1-D158-45B9-93B7-832DFA1A100F}.Debug|x86.Build.0 = Debug|Win32
		{2DF468A1-D158-45B9-93B7-832DFA1A100F}.Release|x64.ActiveCfg = Release|x64
		{2DF468A1-D158-45B9-93B7-832DFA1A100F}.Release|x64.Build.0 = Release|x64
		{2DF468A1-D158-45B9-93B7-832DFA1A100F}.Release|x86.ActiveCfg = Release|Win32
		{2DF468A1-D158-45B9-93B7-832DFA1A100F}.Release|x86.Build.0 = Release|Win32
		{B3752847-45F1-429E-9BB4-D185B9754F28}.Debug|x64.ActiveCfg = Debug|x64
		{B3752847-45F1-429E-9BB4-D185B9754F28}.Debug|x64.Build.0 = Debug|x64
		{B3752847-45F1-429E-9BB4-D185B9754F28}.Debug|x86.ActiveCfg = Debug|Win32
		{B3752847-45F1-429E-9BB4-D185B9754F28}.Debug|x86.Build.0 = Debug|Win32
		{B3752847-45F1-429E-9BB4-D185B9754F28}.Release|x64.ActiveCfg = Release|x64
		{B3752847-45F1-429E-9BB4-D185B9754F28}.Release|x64.Build.0 = Release|x64
		{B3752847-45F1-429E-9BB4-D185B9754F28}.Release|x86.ActiveCfg = Release|Win32
		{B3752847-45F1-429E-9BB4-D185B9754F28}.Release|x86.Build.0 = Release|Win32
		{FE61E639-3686-45DA-BCD6-BEC0B612216F}.Debug|x64.ActiveCfg = Debug|x64
		{FE61E639-3686-45DA-BCD6-BEC0B612216F}.Debug|x64.Build.0 = Debug|x64
		{FE61E639-3686-45DA-BCD6-BEC0B612216F}.Debug|x86.ActiveCfg = Debug|Win32
		{FE61E639-3686-45DA-BCD6-BEC0B612216F}.Debug|x86.Build.0 = Debug|Win32
		{FE61E639-3686-45DA-BCD6-BEC0B612216F}.Release|x64.ActiveCfg = Release|x64
		{FE61E639-3686-45DA-BCD6-BEC0B612216F}.Release|x64.Build.0 = Release|x64
		{FE61E639-3686-45DA-BCD6-BEC0B612216F}.Release|x86.ActiveCfg = Release|Win32
		{FE61E639-3686-45DA-BCD6-BEC0B612216F}.Release|x86.Build.0 = Release|Win32
		{E01A8F2B-488B-4FAE-981C-150E8F571281}.Debug|x64.ActiveCfg = Debug|x64
		{E01A8F2B-488B-4FAE-981C-150E8F571281}.Debug|x64.Build.0 = Debug|x64
		{E01A8F2B-488B-4FAE-981C-150E8F571281}.Debug|x86.ActiveCfg = Debug|Win32
		{E01A8F2B-488B-4FAE-981C-150E8F571281}.Debug|x86.Build.0 = Debug|Win32
		{E01A8F2B-488B-4FAE-981C-150E8F571281}.Release|x64.ActiveCfg = Release|x64
		{E01A8F2B-488B-4FAE-981C-150E8F571281}.Release|x64.Build.0 = Release|x64
		{E01A8F2B-488B-4FAE-981C-150E8F571281}.Release|x86.ActiveCfg = Release|Win32
		{E01A8F2B-488B-4FAE-981C-150E8F571281}.Release|x86.Build.0 = Release|Win32
		{97C8CB3A-668A-4777-A8A3-255DAF6360F4}.Debug|x64.ActiveCfg = Debug|x64
		{97C8CB3A-668A-4777-A8A3-255DAF6360F4}.Debug|x64.Build.0 = Debug|x64
		{97C8CB3A-668A-4777-A8A3-255DAF6360F4}.Debug|x86.ActiveCfg = Debug|Win32
		{97C8CB3A-668A-4777-A8A3-255DAF6360F4}.Debug|x86.Build.0 = Debug|Win32
		{97C8CB3A-668A-4777-A8A3-255DAF6360F4}.Release|x64.ActiveCfg = Release|x64
		{97C8CB3A-668A-4777-A8A3-255DAF6360F4}.Release|x64.Build.0 = Release|x64
		{97C8CB3A-668A-4777-A8A3-255DAF6360F4}.Release|x86.ActiveCfg = Release|Win32
		{97C8CB3A-668A-4777-A8A3-255DAF6360F4}.Release|x86.Build.0 = Release|Win32
	EndGlobalSection
	GlobalSection(SolutionProperties) = preSolution
		HideSolutionNode = FALSE
	EndGlobalSection
	GlobalSection(NestedProjects) = preSolution
		{2DF468A1-D158-45B9-93B7-832DFA1A100F} = {E1385A5E-81EC-4EE9-9060-1A4FE6205CF0}
		{B3752847-45F1-429E-9BB4-D185B9754F28} = {64A0C55D-2CDF-4733-A82D-D03B09F4CFCB}
		{FE61E639-3686-45DA-BCD6-BEC0B612216F} = {11C83DAE-7B3E-416B-BD0D-3EAFD6F5B143}
		{E01A8F2B-488B-4FAE-981C-150E8F571281} = {11C83DAE-7B3E-416B-BD0D-3EAFD6F5B143}
		{97C8CB3A-668A-4777-A8A3-255DAF6360F4} = {11C83DAE-7B3E-416B-BD0D-3EAFD6F5B143}
	EndGlobalSection
	GlobalSection(ExtensibilityGlobals) = postSolution
		SolutionGuid = {569A6B47-6E2F-4476-AD20-346F94FB3804}
	EndGlobalSection
EndGlobal
